
Microsoft Visual Studio Solution File, Format Version 12.00
# Visual Studio 15
VisualStudioVersion = 15.0.27703.2026
MinimumVisualStudioVersion = 10.0.40219.1
Project("{FAE04EC0-301F-11D3-BF4B-00C04F79EFBC}") = "Parser", "Parser\Parser.csproj", "{B55FF389-2F22-4005-ABC6-67AE5F210040}"
EndProject
Project("{FAE04EC0-301F-11D3-BF4B-00C04F79EFBC}") = "Parser.Tests", "Parser.Tests\Parser.Tests.csproj", "{3208D4C1-F33A-433F-89BB-C56389398B60}"
EndProject
Global
	GlobalSection(SolutionConfigurationPlatforms) = preSolution
		Debug|Any CPU = Debug|Any CPU
		Release|Any CPU = Release|Any CPU
	EndGlobalSection
	GlobalSection(ProjectConfigurationPlatforms) = postSolution
		{B55FF389-2F22-4005-ABC6-67AE5F210040}.Debug|Any CPU.ActiveCfg = Release|Any CPU
		{B55FF389-2F22-4005-ABC6-67AE5F210040}.Debug|Any CPU.Build.0 = Release|Any CPU
		{B55FF389-2F22-4005-ABC6-67AE5F210040}.Release|Any CPU.ActiveCfg = Release|Any CPU
		{B55FF389-2F22-4005-ABC6-67AE5F210040}.Release|Any CPU.Build.0 = Release|Any CPU
		{3208D4C1-F33A-433F-89BB-C56389398B60}.Debug|Any CPU.ActiveCfg = Debug|Any CPU
		{3208D4C1-F33A-433F-89BB-C56389398B60}.Debug|Any CPU.Build.0 = Debug|Any CPU
		{3208D4C1-F33A-433F-89BB-C56389398B60}.Release|Any CPU.ActiveCfg = Release|Any CPU
		{3208D4C1-F33A-433F-89BB-C56389398B60}.Release|Any CPU.Build.0 = Release|Any CPU
	EndGlobalSection
	GlobalSection(SolutionProperties) = preSolution
		HideSolutionNode = FALSE
	EndGlobalSection
	GlobalSection(ExtensibilityGlobals) = postSolution
		SolutionGuid = {41BE8F18-20D1-4899-9A23-17576FA12CB6}
	EndGlobalSection
EndGlobal
